<?xml version="1.0" encoding="utf-8"?>
<Project ToolsVersion="4.0" xmlns="http://schemas.microsoft.com/developer/msbuild/2003">
  <ItemGroup>
    <Filter Include="Source Files">
      <UniqueIdentifier>{4FC737F1-C7A5-4376-A066-2A32D752A2FF}</UniqueIdentifier>
      <Extensions>cpp;c;cc;cxx;def;odl;idl;hpj;bat;asm;asmx</Extensions>
    </Filter>
    <Filter Include="Header Files">
      <UniqueIdentifier>{93995380-89BD-4b04-88EB-625FBE52EBFB}</UniqueIdentifier>
      <Extensions>h;hh;hpp;hxx;hm;inl;inc;xsd</Extensions>
    </Filter>
    <Filter Include="Resource Files">
      <UniqueIdentifier>{67DA6AB6-F800-4c08-8B7A-83BB121AAD01}</UniqueIdentifier>
      <Extensions>rc;ico;cur;bmp;dlg;rc2;rct;bin;rgs;gif;jpg;jpeg;jpe;resx;tiff;tif;png;wav</Extensions>
    </Filter>
  </ItemGroup>
  <ItemGroup>
    <ClInclude Include="library\packagecache\com.unity.ads%402.3.1\runtime\plugins\ios\unityads.framework\headers\UADSInAppPurchaseMetaData.h">
      <Filter>Header Files</Filter>
    </ClInclude>
    <ClInclude Include="library\packagecache\com.unity.ads%402.3.1\runtime\plugins\ios\unityads.framework\headers\UADSJsonStorage.h">
      <Filter>Header Files</Filter>
    </ClInclude>
    <ClInclude Include="library\packagecache\com.unity.ads%402.3.1\runtime\plugins\ios\unityads.framework\headers\UADSMediationMetaData.h">
      <Filter>Header Files</Filter>
    </ClInclude>
    <ClInclude Include="library\packagecache\com.unity.ads%402.3.1\runtime\plugins\ios\unityads.framework\headers\UADSMetaData.h">
      <Filter>Header Files</Filter>
    </ClInclude>
    <ClInclude Include="library\packagecache\com.unity.ads%402.3.1\runtime\plugins\ios\unityads.framework\headers\UADSPlayerMetaData.h">
      <Filter>Header Files</Filter>
    </ClInclude>
    <ClInclude Include="library\packagecache\com.unity.ads%402.3.1\runtime\plugins\ios\unityads.framework\headers\UADSPurchasing.h">
      <Filter>Header Files</Filter>
    </ClInclude>
    <ClInclude Include="library\packagecache\com.unity.ads%402.3.1\runtime\plugins\ios\unityads.framework\headers\UnityAds.h">
      <Filter>Header Files</Filter>
    </ClInclude>
    <ClInclude Include="library\packagecache\com.unity.ads%402.3.1\runtime\plugins\ios\unityads.framework\headers\UnityAdsExtended.h">
      <Filter>Header Files</Filter>
    </ClInclude>
  </ItemGroup>
  <ItemGroup>
    <Xsd Include="library\packagecache\com.unity.package-manager-ui%402.0.7\editor\resources\templates\uielementsschema\UIElements.xsd">
      <Filter>Header Files</Filter>
    </Xsd>
    <Xsd Include="library\packagecache\com.unity.package-manager-ui%402.0.7\editor\resources\templates\uielementsschema\UnityEditor.Experimental.UIElements.xsd">
      <Filter>Header Files</Filter>
    </Xsd>
    <Xsd Include="library\packagecache\com.unity.package-manager-ui%402.0.7\editor\resources\templates\uielementsschema\UnityEditor.PackageManager.UI.xsd">
      <Filter>Header Files</Filter>
    </Xsd>
    <Xsd Include="library\packagecache\com.unity.package-manager-ui%402.0.7\editor\resources\templates\uielementsschema\UnityEngine.Experimental.UIElements.xsd">
      <Filter>Header Files</Filter>
    </Xsd>
  </ItemGroup>
  <ItemGroup>
    <None Include="library\shadercache\0\002c43c8f2baacf96e5481052cea23e5.bin">
      <Filter>Resource Files</Filter>
    </None>
    <None Include="library\shadercache\0\00fe414bb4b48d9b5d33374e24a25e88.bin">
      <Filter>Resource Files</Filter>
    </None>
    <None Include="library\shadercache\0\01caf1cff28626f2e4944b087c712d05.bin">
      <Filter>Resource Files</Filter>
    </None>
    <None Include="library\shadercache\0\0208ddd4b196dca4a12bfb19bad40b24.bin">
      <Filter>Resource Files</Filter>
    </None>
    <None Include="library\shadercache\0\02bcb093004006c9ef1f6284179fbc5e.bin">
      <Filter>Resource Files</Filter>
    </None>
    <None Include="library\shadercache\0\041011ac3d4093b1a4bffd99c516ff5d.bin">
      <Filter>Resource Files</Filter>
    </None>
    <None Include="library\shadercache\0\04c05087ba2a07313b0f6a0ce8172e14.bin">
      <Filter>Resource Files</Filter>
    </None>
    <None Include="library\shadercache\0\04fdba16d45cc46318391f27baff64f2.bin">
      <Filter>Resource Files</Filter>
    </None>
    <None Include="library\shadercache\0\05baa0ffc20567f5b05c3425279d77e5.bin">
      <Filter>Resource Files</Filter>
    </None>
    <None Include="library\shadercache\0\06e8a8b7653a71bbff5ba0e0d32b4485.bin">
      <Filter>Resource Files</Filter>
    </None>
    <None Include="library\shadercache\0\073cc3c31fa489c2e3966379b05945b5.bin">
      <Filter>Resource Files</Filter>
    </None>
    <None Include="library\shadercache\0\07438231c15891b2f11d0d863db32259.bin">
      <Filter>Resource Files</Filter>
    </None>
    <None Include="library\shadercache\0\0845005d12a4a5bfbfc74f4870f9bd35.bin">
      <Filter>Resource Files</Filter>
    </None>
    <None Include="library\shadercache\0\08561c0427a93c1f31d11eb4a8f73856.bin">
      <Filter>Resource Files</Filter>
    </None>
    <None Include="library\shadercache\0\0918703e0d9a7a12c72edbc708e41f4b.bin">
      <Filter>Resource Files</Filter>
    </None>
    <None Include="library\shadercache\0\099d5976dd1677789cc97836b7b9ad98.bin">
      <Filter>Resource Files</Filter>
    </None>
    <None Include="library\shadercache\0\0a53a24b25a8395bd72b6f223050c573.bin">
      <Filter>Resource Files</Filter>
    </None>
    <None Include="library\shadercache\0\0a64ffa4681d40f07ab30547f3a9d174.bin">
      <Filter>Resource Files</Filter>
    </None>
    <None Include="library\shadercache\0\0a9f84e7c6f97712e36773662e9f4a8d.bin">
      <Filter>Resource Files</Filter>
    </None>
    <None Include="library\shadercache\0\0b642de8b25de5bbdfec68fe411cf9b8.bin">
      <Filter>Resource Files</Filter>
    </None>
    <None Include="library\shadercache\0\0b7af48a536b7e62a944b3ab29a1e34f.bin">
      <Filter>Resource Files</Filter>
    </None>
    <None Include="library\shadercache\0\0bd65b6a6376ad50b6c85cf103a49daf.bin">
      <Filter>Resource Files</Filter>
    </None>
    <None Include="library\shadercache\0\0cfbb3d9bcb9accb278feb9c2946b650.bin">
      <Filter>Resource Files</Filter>
    </None>
    <None Include="library\shadercache\0\0f1139d546b59367443e6066cb0c018c.bin">
      <Filter>Resource Files</Filter>
    </None>
    <None Include="library\shadercache\0\0fabd28b1a88028bb7ed153e727572c6.bin">
      <Filter>Resource Files</Filter>
    </None>
    <None Include="library\shadercache\1\109b77be08c6fa12b1a0ecf45a4138d3.bin">
      <Filter>Resource Files</Filter>
    </None>
    <None Include="library\shadercache\1\109da35ec817e2e47471c3364e3ed046.bin">
      <Filter>Resource Files</Filter>
    </None>
    <None Include="library\shadercache\1\1149bb1e1e3aa8e98d5deeb31ff7d4cd.bin">
      <Filter>Resource Files</Filter>
    </None>
    <None Include="library\shadercache\1\1279ec971e0333c915be1dc65d4858b5.bin">
      <Filter>Resource Files</Filter>
    </None>
    <None Include="library\shadercache\1\13a850456ed3406ac64a607eda9700be.bin">
      <Filter>Resource Files</Filter>
    </None>
    <None Include="library\shadercache\1\145056ccb7a8b4963bbc8878612725b6.bin">
      <Filter>Resource Files</Filter>
    </None>
    <None Include="library\shadercache\1\1475a28721b78e6f3d0d5c334b738746.bin">
      <Filter>Resource Files</Filter>
    </None>
    <None Include="library\shadercache\1\150780d5b2a27d223c8683c5ef640e35.bin">
      <Filter>Resource Files</Filter>
    </None>
    <None Include="library\shadercache\1\15ba9462a92bb921fde3d7721441ad98.bin">
      <Filter>Resource Files</Filter>
    </None>
    <None Include="library\shadercache\1\16c4dc04b0fd15044072bc6de7997fcc.bin">
      <Filter>Resource Files</Filter>
    </None>
    <None Include="library\shadercache\1\17664935e3b6cf24887e50d5698b3219.bin">
      <Filter>Resource Files</Filter>
    </None>
    <None Include="library\shadercache\1\181b06cfa1283e38a0243792a281764c.bin">
      <Filter>Resource Files</Filter>
    </None>
    <None Include="library\shadercache\1\18f79edfb842ad01b1b889bb583a2685.bin">
      <Filter>Resource Files</Filter>
    </None>
    <None Include="library\shadercache\1\19522804dbbae5681221b22038805115.bin">
      <Filter>Resource Files</Filter>
    </None>
    <None Include="library\shadercache\1\19a2866255ca2bcf552f97bd8716d2e5.bin">
      <Filter>Resource Files</Filter>
    </None>
    <None Include="library\shadercache\1\1a5dcaf84c81aa934dec5682ddd09d30.bin">
      <Filter>Resource Files</Filter>
    </None>
    <None Include="library\shadercache\1\1a7772e8a8889131c32bcdb8f5bd0f06.bin">
      <Filter>Resource Files</Filter>
    </None>
    <None Include="library\shadercache\1\1a89405c3f708996c0e7123b39d37225.bin">
      <Filter>Resource Files</Filter>
    </None>
    <None Include="library\shadercache\1\1ad06e9d78d3bbfa904552f7586abc1f.bin">
      <Filter>Resource Files</Filter>
    </None>
    <None Include="library\shadercache\1\1c209baf44edd79ee33d2d6e22e10c88.bin">
      <Filter>Resource Files</Filter>
    </None>
    <None Include="library\shadercache\1\1ccfd42dd4f116ddd69c333688bc790f.bin">
      <Filter>Resource Files</Filter>
    </None>
    <None Include="library\shadercache\1\1cee993dc24a25201239d48d9c5621cc.bin">
      <Filter>Resource Files</Filter>
    </None>
    <None Include="library\shadercache\1\1df64beeab71c7d71d37b73f9376645f.bin">
      <Filter>Resource Files</Filter>
    </None>
    <None Include="library\shadercache\1\1f376df94d4f98e0eaaac09503e5a004.bin">
      <Filter>Resource Files</Filter>
    </None>
    <None Include="library\shadercache\2\2192305710517d7c8d6fafa304c57aa5.bin">
      <Filter>Resource Files</Filter>
    </None>
    <None Include="library\shadercache\2\22c44bf4af61ab36f4cf918b8fd8cf99.bin">
      <Filter>Resource Files</Filter>
    </None>
    <None Include="library\shadercache\2\243e789812561b341950b8df7aa4eaa9.bin">
      <Filter>Resource Files</Filter>
    </None>
    <None Include="library\shadercache\2\246cd9b237c6563e319a893c367897fb.bin">
      <Filter>Resource Files</Filter>
    </None>
    <None Include="library\shadercache\2\262f85d052883249b31769db2c544b41.bin">
      <Filter>Resource Files</Filter>
    </None>
    <None Include="library\shadercache\2\27979c02d2433147aa90814fbbcba1b7.bin">
      <Filter>Resource Files</Filter>
    </None>
    <None Include="library\shadercache\2\28cd5c84fb6f75aaaa4794f3bfad892e.bin">
      <Filter>Resource Files</Filter>
    </None>
    <None Include="library\shadercache\2\299b87d9151f8b0ba09f08980e2b4967.bin">
      <Filter>Resource Files</Filter>
    </None>
    <None Include="library\shadercache\2\29f8c338a9906867c977c20b1cbb8fc3.bin">
      <Filter>Resource Files</Filter>
    </None>
    <None Include="library\shadercache\2\2b3ae3d3cc6d1b8a80d72c889fbe4fc4.bin">
      <Filter>Resource Files</Filter>
    </None>
    <None Include="library\shadercache\2\2c81b014172d4d08f61072e5446373e0.bin">
      <Filter>Resource Files</Filter>
    </None>
    <None Include="library\shadercache\2\2cf53115b95bf7b95ef2027b3c0b32b1.bin">
      <Filter>Resource Files</Filter>
    </None>
    <None Include="library\shadercache\2\2d1c2c45ac798f71b041e03655eb6eae.bin">
      <Filter>Resource Files</Filter>
    </None>
    <None Include="library\shadercache\2\2dfa1a68dda64d3df5592587b942c1d3.bin">
      <Filter>Resource Files</Filter>
    </None>
    <None Include="library\shadercache\2\2e2a91f8dcffdbf4d68742780f47a8d7.bin">
      <Filter>Resource Files</Filter>
    </None>
    <None Include="library\shadercache\2\2f51596a0bc6807c703b3c384d0df125.bin">
      <Filter>Resource Files</Filter>
    </None>
    <None Include="library\shadercache\3\30dd4a35a18b3c2d9763b0233c3b88cc.bin">
      <Filter>Resource Files</Filter>
    </None>
    <None Include="library\shadercache\3\312e14b8032187e06b9585707a78e54d.bin">
      <Filter>Resource Files</Filter>
    </None>
    <None Include="library\shadercache\3\31746d4006542e6438f3bf88430eb3ce.bin">
      <Filter>Resource Files</Filter>
    </None>
    <None Include="library\shadercache\3\3186f8ec2949e82dd85fdb734275f693.bin">
      <Filter>Resource Files</Filter>
    </None>
    <None Include="library\shadercache\3\31e003b5be40be27ec727df5c3d9a301.bin">
      <Filter>Resource Files</Filter>
    </None>
    <None Include="library\shadercache\3\32641a35061c230fa992d70c47d28f7b.bin">
      <Filter>Resource Files</Filter>
    </None>
    <None Include="library\shadercache\3\33096e79701270b9127b2a012e62430d.bin">
      <Filter>Resource Files</Filter>
    </None>
    <None Include="library\shadercache\3\33099451170d4bf89e0d14a593bafa15.bin">
      <Filter>Resource Files</Filter>
    </None>
    <None Include="library\shadercache\3\342cbcf8dbe2730bc8e073299fb3f59d.bin">
      <Filter>Resource Files</Filter>
    </None>
    <None Include="library\shadercache\3\345ccd64478cd530d1d79f494a0b010d.bin">
      <Filter>Resource Files</Filter>
    </None>
    <None Include="library\shadercache\3\34f10a9807a9b8eae0b738832b210425.bin">
      <Filter>Resource Files</Filter>
    </None>
    <None Include="library\shadercache\3\353161fdafddff6f54004a72a98e7618.bin">
      <Filter>Resource Files</Filter>
    </None>
    <None Include="library\shadercache\3\355e3504c70b8e67bdae4bb1331b9ef1.bin">
      <Filter>Resource Files</Filter>
    </None>
    <None Include="library\shadercache\3\3582e826323cbf5d642af994d29626b5.bin">
      <Filter>Resource Files</Filter>
    </None>
    <None Include="library\shadercache\3\3657366627ed8f371f1a9f1f76a21ef0.bin">
      <Filter>Resource Files</Filter>
    </None>
    <None Include="library\shadercache\3\36f494cc26824c5adece3b22b647d42b.bin">
      <Filter>Resource Files</Filter>
    </None>
    <None Include="library\shadercache\3\37229bfcd54f07f56a5d8396dcc5ed2d.bin">
      <Filter>Resource Files</Filter>
    </None>
    <None Include="library\shadercache\3\3792bc5e4128923c11ea97bdcbf30ba1.bin">
      <Filter>Resource Files</Filter>
    </None>
    <None Include="library\shadercache\3\38a044ef1bf8c54f8e8f6def23625a6c.bin">
      <Filter>Resource Files</Filter>
    </None>
    <None Include="library\shadercache\3\38c8781f6fdb7b2d41594af170c7acb8.bin">
      <Filter>Resource Files</Filter>
    </None>
    <None Include="library\shadercache\3\3987af94f972c704addca52beaf4bc93.bin">
      <Filter>Resource Files</Filter>
    </None>
    <None Include="library\shadercache\3\39dea564a5dc043d13af54c4b668a932.bin">
      <Filter>Resource Files</Filter>
    </None>
    <None Include="library\shadercache\3\3a9a35f116cf187d6f1bc16b839ef821.bin">
      <Filter>Resource Files</Filter>
    </None>
    <None Include="library\shadercache\3\3b30688ba13c4809a3f41b21d9ac7b40.bin">
      <Filter>Resource Files</Filter>
    </None>
    <None Include="library\shadercache\3\3b79803cd3568cd5b47496befe53e116.bin">
      <Filter>Resource Files</Filter>
    </None>
    <None Include="library\shadercache\3\3d2be7192e742f768691092ac09cd403.bin">
      <Filter>Resource Files</Filter>
    </None>
    <None Include="library\shadercache\3\3d59013ccab8e58893e0ae081b6bce5d.bin">
      <Filter>Resource Files</Filter>
    </None>
    <None Include="library\shadercache\3\3db2e81f6af8e3a46bf23064ff64d8fc.bin">
      <Filter>Resource Files</Filter>
    </None>
    <None Include="library\shadercache\3\3e8a5bda8e0f526e378dbc77b4d56b6c.bin">
      <Filter>Resource Files</Filter>
    </None>
    <None Include="library\shadercache\3\3f10ac3e69dd25c7df5223adde945dbd.bin">
      <Filter>Resource Files</Filter>
    </None>
    <None Include="library\shadercache\3\3fa8086c4db65c5aa5035ba87fd56952.bin">
      <Filter>Resource Files</Filter>
    </None>
    <None Include="library\shadercache\3\3fce03612a11b580076dc570b01ab3ff.bin">
      <Filter>Resource Files</Filter>
    </None>
    <None Include="library\shadercache\4\4051351e0a1d42c8e837d95134b9d274.bin">
      <Filter>Resource Files</Filter>
    </None>
    <None Include="library\shadercache\4\41b01ce0b28b42fc8974a35e4d0f43e4.bin">
      <Filter>Resource Files</Filter>
    </None>
    <None Include="library\shadercache\4\42695f2faebb4173670a3e9efdb2bb09.bin">
      <Filter>Resource Files</Filter>
    </None>
    <None Include="library\shadercache\4\4272d247f593eac9ef8fa1d86eb2f95b.bin">
      <Filter>Resource Files</Filter>
    </None>
    <None Include="library\shadercache\4\4292a86478164c0fbbcf803b2f9282d7.bin">
      <Filter>Resource Files</Filter>
    </None>
    <None Include="library\shadercache\4\42a882af4c32e473397c32464a7909d4.bin">
      <Filter>Resource Files</Filter>
    </None>
    <None Include="library\shadercache\4\430b4ca84417959a6b451c82b8d00791.bin">
      <Filter>Resource Files</Filter>
    </None>
    <None Include="library\shadercache\4\452bb179d5ba03d643a5b6617c15cc80.bin">
      <Filter>Resource Files</Filter>
    </None>
    <None Include="library\shadercache\4\46adb64c6e196b4f0eb8f0a547669e02.bin">
      <Filter>Resource Files</Filter>
    </None>
    <None Include="library\shadercache\4\472bb4da62b73750803f6b15527dcc38.bin">
      <Filter>Resource Files</Filter>
    </None>
    <None Include="library\shadercache\4\47c6e488e42d675a859c7fbac5fe5493.bin">
      <Filter>Resource Files</Filter>
    </None>
    <None Include="library\shadercache\4\4869c27ce525011f24518c463dd27e77.bin">
      <Filter>Resource Files</Filter>
    </None>
    <None Include="library\shadercache\4\48e75291afcf3ff3859213fccefee24a.bin">
      <Filter>Resource Files</Filter>
    </None>
    <None Include="library\shadercache\4\49d5b05451b6060aca499b29ca051fc0.bin">
      <Filter>Resource Files</Filter>
    </None>
    <None Include="library\shadercache\4\49e37e6c19c88824874b768c97872ad3.bin">
      <Filter>Resource Files</Filter>
    </None>
    <None Include="library\shadercache\4\49eb12ad272334a239f5477b2a532129.bin">
      <Filter>Resource Files</Filter>
    </None>
    <None Include="library\shadercache\4\4a2edaa197f305429a96791ccabc1764.bin">
      <Filter>Resource Files</Filter>
    </None>
    <None Include="library\shadercache\4\4a36ecd2fc30dafb16e54b3492648f6f.bin">
      <Filter>Resource Files</Filter>
    </None>
    <None Include="library\shadercache\4\4b108a3677b008500071eb5d9a72fcb6.bin">
      <Filter>Resource Files</Filter>
    </None>
    <None Include="library\shadercache\4\4b3f9d7b3391fc3d5051d0ad559ee3ef.bin">
      <Filter>Resource Files</Filter>
    </None>
    <None Include="library\shadercache\4\4bf4a1b4f68dd5ed04aed0775aa228c8.bin">
      <Filter>Resource Files</Filter>
    </None>
    <None Include="library\shadercache\4\4c74e5dd23f977f7a401645626bc4bd2.bin">
      <Filter>Resource Files</Filter>
    </None>
    <None Include="library\shadercache\4\4ddfe5a976871c6a1a5881666335f164.bin">
      <Filter>Resource Files</Filter>
    </None>
    <None Include="library\shadercache\4\4e2b4057b4c5a5088326a07929901e02.bin">
      <Filter>Resource Files</Filter>
    </None>
    <None Include="library\shadercache\4\4ef37b12e373749b20c0b60035d391a3.bin">
      <Filter>Resource Files</Filter>
    </None>
    <None Include="library\shadercache\5\502ac8043cc51471d980b33abe38c2f7.bin">
      <Filter>Resource Files</Filter>
    </None>
    <None Include="library\shadercache\5\502c04f9c81b5df3c52ae5d85d630f0c.bin">
      <Filter>Resource Files</Filter>
    </None>
    <None Include="library\shadercache\5\50b8d6ff47ad01b1ddf823c6b33de528.bin">
      <Filter>Resource Files</Filter>
    </None>
    <None Include="library\shadercache\5\515b7c0136b33b4c420dc770a2504276.bin">
      <Filter>Resource Files</Filter>
    </None>
    <None Include="library\shadercache\5\518198147d1d4762440fa64dbea79578.bin">
      <Filter>Resource Files</Filter>
    </None>
    <None Include="library\shadercache\5\52065999f5bb9ba9c16a4c2549a8e4a2.bin">
      <Filter>Resource Files</Filter>
    </None>
    <None Include="library\shadercache\5\52714b508131299049adfcf5ea78934c.bin">
      <Filter>Resource Files</Filter>
    </None>
    <None Include="library\shadercache\5\52a2899089e6cc977e2fcb1cffc48592.bin">
      <Filter>Resource Files</Filter>
    </None>
    <None Include="library\shadercache\5\52c499028b04317b193dc6dd3f5c48e8.bin">
      <Filter>Resource Files</Filter>
    </None>
    <None Include="library\shadercache\5\53ed0636bdb8478cac1d0729168a9148.bin">
      <Filter>Resource Files</Filter>
    </None>
    <None Include="library\shadercache\5\55835e77d14a3d17dad2c02d6ad50b47.bin">
      <Filter>Resource Files</Filter>
    </None>
    <None Include="library\shadercache\5\5617b336c2cb7770f03e5151eaf97267.bin">
      <Filter>Resource Files</Filter>
    </None>
    <None Include="library\shadercache\5\56600fb051bc35db50a9c5f40b54ebdb.bin">
      <Filter>Resource Files</Filter>
    </None>
    <None Include="library\shadercache\5\566fcc0d21689ca8416a3b8f1a120fe9.bin">
      <Filter>Resource Files</Filter>
    </None>
    <None Include="library\shadercache\5\56a8ec5f5ba5c9f7d9601d599c253a1a.bin">
      <Filter>Resource Files</Filter>
    </None>
    <None Include="library\shadercache\5\56abac5fb202afcab7fbed13ba7141b0.bin">
      <Filter>Resource Files</Filter>
    </None>
    <None Include="library\shadercache\5\56ae6507f330ec407c0aca9f2b8a19ac.bin">
      <Filter>Resource Files</Filter>
    </None>
    <None Include="library\shadercache\5\57dd1ad9601a2ce94d33dc876fcd9b85.bin">
      <Filter>Resource Files</Filter>
    </None>
    <None Include="library\shadercache\5\58b2a2244d8fa40b19b92fa416afcc9c.bin">
      <Filter>Resource Files</Filter>
    </None>
    <None Include="library\shadercache\5\591533903b3ad1d58055be6f8af2a8ed.bin">
      <Filter>Resource Files</Filter>
    </None>
    <None Include="library\shadercache\5\5916fc36ab595000e114f2dca73354bf.bin">
      <Filter>Resource Files</Filter>
    </None>
    <None Include="library\shadercache\5\59c4e0dcda4af27cc2d75df9cc092f7b.bin">
      <Filter>Resource Files</Filter>
    </None>
    <None Include="library\shadercache\5\5ae2e99dc709bde34b1949cd21d9bdc9.bin">
      <Filter>Resource Files</Filter>
    </None>
    <None Include="library\shadercache\5\5b5c7bc609f03860568a22249a290a16.bin">
      <Filter>Resource Files</Filter>
    </None>
    <None Include="library\shadercache\5\5c00cc3ae49cbee72424ecc9c5652dd7.bin">
      <Filter>Resource Files</Filter>
    </None>
    <None Include="library\shadercache\5\5c7aea96bf5d446d2e4247f72e22b5d2.bin">
      <Filter>Resource Files</Filter>
    </None>
    <None Include="library\shadercache\5\5c88d9bea65bedcac3372eb0335c8741.bin">
      <Filter>Resource Files</Filter>
    </None>
    <None Include="library\shadercache\5\5cc92bb29221913219e8467ac3361a95.bin">
      <Filter>Resource Files</Filter>
    </None>
    <None Include="library\shadercache\5\5d0481cc49fe92743381137a9bd4d0ad.bin">
      <Filter>Resource Files</Filter>
    </None>
    <None Include="library\shadercache\5\5d34caeee053e25389fa0d16258f8794.bin">
      <Filter>Resource Files</Filter>
    </None>
    <None Include="library\shadercache\5\5df0e0fb35fe128a73560cbf9681425c.bin">
      <Filter>Resource Files</Filter>
    </None>
    <None Include="library\shadercache\5\5e9ffb620001aba17d613a4fc14ebc7f.bin">
      <Filter>Resource Files</Filter>
    </None>
    <None Include="library\shadercache\5\5f4bdfa99f00575b7cd89fb246d9e9ee.bin">
      <Filter>Resource Files</Filter>
    </None>
    <None Include="library\shadercache\5\5f97d8acf064ef50c23d2a52697f5cb8.bin">
      <Filter>Resource Files</Filter>
    </None>
    <None Include="library\shadercache\5\5fb2734575eecdb404cebb398088212f.bin">
      <Filter>Resource Files</Filter>
    </None>
    <None Include="library\shadercache\6\600e4a377b081155c7f91ef61a911e63.bin">
      <Filter>Resource Files</Filter>
    </None>
    <None Include="library\shadercache\6\60ff572fe860ff80b098510e0b8fa298.bin">
      <Filter>Resource Files</Filter>
    </None>
    <None Include="library\shadercache\6\610c152938ccf64e516b049729e769d3.bin">
      <Filter>Resource Files</Filter>
    </None>
    <None Include="library\shadercache\6\61965cb155dbeb7c428705b49b3f882d.bin">
      <Filter>Resource Files</Filter>
    </None>
    <None Include="library\shadercache\6\6222c01e215220bc57804ea06bfa1962.bin">
      <Filter>Resource Files</Filter>
    </None>
    <None Include="library\shadercache\6\63793b4b96ef36203b8d8a7254cb0b0a.bin">
      <Filter>Resource Files</Filter>
    </None>
    <None Include="library\shadercache\6\63796970a8345d30b75cc9fa7ab48b84.bin">
      <Filter>Resource Files</Filter>
    </None>
    <None Include="library\shadercache\6\63915569e44e0879da0357fdb9bb2635.bin">
      <Filter>Resource Files</Filter>
    </None>
    <None Include="library\shadercache\6\63a9e9ff6a90a725ce55ac5b1bb0f501.bin">
      <Filter>Resource Files</Filter>
    </None>
    <None Include="library\shadercache\6\63da096687f6ebd5b32ee744fbaf093a.bin">
      <Filter>Resource Files</Filter>
    </None>
    <None Include="library\shadercache\6\64a1eea41d64eeb89f561b57229c5e13.bin">
      <Filter>Resource Files</Filter>
    </None>
    <None Include="library\shadercache\6\65b558ff6c1efc9aa0ba2d2d538bf2ac.bin">
      <Filter>Resource Files</Filter>
    </None>
    <None Include="library\shadercache\6\65f052ab4aab18ef715e1ed7d21257e1.bin">
      <Filter>Resource Files</Filter>
    </None>
    <None Include="library\shadercache\6\66beafa7b8317a6c6fd50fad8028d454.bin">
      <Filter>Resource Files</Filter>
    </None>
    <None Include="library\shadercache\6\672b7ea9118b464f13b7d304bf9b9330.bin">
      <Filter>Resource Files</Filter>
    </None>
    <None Include="library\shadercache\6\67321071fc9e24f8c7d48e64bf6b33e8.bin">
      <Filter>Resource Files</Filter>
    </None>
    <None Include="library\shadercache\6\673bebc64b6ea50af38ce552a8ff17b8.bin">
      <Filter>Resource Files</Filter>
    </None>
    <None Include="library\shadercache\6\6755b67d4650280878dc3272fcdb6282.bin">
      <Filter>Resource Files</Filter>
    </None>
    <None Include="library\shadercache\6\6775b4c9627bb60c9b2bad5c95509deb.bin">
      <Filter>Resource Files</Filter>
    </None>
    <None Include="library\shadercache\6\67f2436025015775fc2bc9acbbaeec57.bin">
      <Filter>Resource Files</Filter>
    </None>
    <None Include="library\shadercache\6\686392a04e3edd40864506ad5aa1a635.bin">
      <Filter>Resource Files</Filter>
    </None>
    <None Include="library\shadercache\6\68b9f5d7fc7e8bb94a66ec3c7d0bfba0.bin">
      <Filter>Resource Files</Filter>
    </None>
    <None Include="library\shadercache\6\68db8026faf28f6aff745c7b24d71f26.bin">
      <Filter>Resource Files</Filter>
    </None>
    <None Include="library\shadercache\6\69804469f92c76ab62decf2b9f6d9db7.bin">
      <Filter>Resource Files</Filter>
    </None>
    <None Include="library\shadercache\6\69d6f0f4aa19a7e465806c38ab80d144.bin">
      <Filter>Resource Files</Filter>
    </None>
    <None Include="library\shadercache\6\6bc8c250bc1914859a953a89e64d3109.bin">
      <Filter>Resource Files</Filter>
    </None>
    <None Include="library\shadercache\6\6c64b0a2ffcf3c05b650d28864f294f2.bin">
      <Filter>Resource Files</Filter>
    </None>
    <None Include="library\shadercache\6\6cc39c87c9a7a98066231a4bdc6cf28b.bin">
      <Filter>Resource Files</Filter>
    </None>
    <None Include="library\shadercache\6\6ceb496a7404c3bf6737dc3f17e0d80a.bin">
      <Filter>Resource Files</Filter>
    </None>
    <None Include="library\shadercache\6\6d244ba314e8df69117d66458cbb04ec.bin">
      <Filter>Resource Files</Filter>
    </None>
    <None Include="library\shadercache\6\6da995a059071d4d6c121b24f7d6018e.bin">
      <Filter>Resource Files</Filter>
    </None>
    <None Include="library\shadercache\6\6db7eebec26e18f0c498fd1fc016917f.bin">
      <Filter>Resource Files</Filter>
    </None>
    <None Include="library\shadercache\6\6f328c757019a91903cfae9f638ad3f6.bin">
      <Filter>Resource Files</Filter>
    </None>
    <None Include="library\shadercache\6\6f399c5547f5cb2158c95e89addd4785.bin">
      <Filter>Resource Files</Filter>
    </None>
    <None Include="library\shadercache\7\70e0ff3acfe57b3c236c11b34c6ed1d6.bin">
      <Filter>Resource Files</Filter>
    </None>
    <None Include="library\shadercache\7\73918314b7a19649e0cadf575eec38f5.bin">
      <Filter>Resource Files</Filter>
    </None>
    <None Include="library\shadercache\7\74ab4aadc2c789e7bf042658eb47b65e.bin">
      <Filter>Resource Files</Filter>
    </None>
    <None Include="library\shadercache\7\750e790c3ccd4664f536214166a42df9.bin">
      <Filter>Resource Files</Filter>
    </None>
    <None Include="library\shadercache\7\75e1a00fff80df3f809a4ebe22f46a6b.bin">
      <Filter>Resource Files</Filter>
    </None>
    <None Include="library\shadercache\7\764f21a89fc06aac05123afb514b08c0.bin">
      <Filter>Resource Files</Filter>
    </None>
    <None Include="library\shadercache\7\77cde4be849392cb357c8d6ba4ee919c.bin">
      <Filter>Resource Files</Filter>
    </None>
    <None Include="library\shadercache\7\782095b16945c0ab4b17c5dcc7db1d30.bin">
      <Filter>Resource Files</Filter>
    </None>
    <None Include="library\shadercache\7\79bb4f0520807bb0986aee12f99f8696.bin">
      <Filter>Resource Files</Filter>
    </None>
    <None Include="library\shadercache\7\7b00b7ede7e314f5701e03e01d0189bd.bin">
      <Filter>Resource Files</Filter>
    </None>
    <None Include="library\shadercache\7\7b450aa6e20e2f1e3a3bba0dc95b4d06.bin">
      <Filter>Resource Files</Filter>
    </None>
    <None Include="library\shadercache\7\7c0327b0ca1536bbbc37e1e4d72a9e95.bin">
      <Filter>Resource Files</Filter>
    </None>
    <None Include="library\shadercache\7\7c3c589679a8867ab17fc0e4f1d7d282.bin">
      <Filter>Resource Files</Filter>
    </None>
    <None Include="library\shadercache\7\7c55024901f570ea139064159b86fef4.bin">
      <Filter>Resource Files</Filter>
    </None>
    <None Include="library\shadercache\7\7c60aaffa306ef3b8e5af02ee0ebd1ce.bin">
      <Filter>Resource Files</Filter>
    </None>
    <None Include="library\shadercache\7\7cabb8a682d1e08af875b35166032a00.bin">
      <Filter>Resource Files</Filter>
    </None>
    <None Include="library\shadercache\7\7cc9e848c45b1478629def94ec1c373f.bin">
      <Filter>Resource Files</Filter>
    </None>
    <None Include="library\shadercache\7\7dfe61c35c32e8d470f0dd8e0ffed83a.bin">
      <Filter>Resource Files</Filter>
    </None>
    <None Include="library\shadercache\7\7e10666731a28e284abcc6cee8f9a54b.bin">
      <Filter>Resource Files</Filter>
    </None>
    <None Include="library\shadercache\7\7e3267091c415d56117e937851829694.bin">
      <Filter>Resource Files</Filter>
    </None>
    <None Include="library\shadercache\7\7e9a071319ed08fadcbdb7fe69fdc674.bin">
      <Filter>Resource Files</Filter>
    </None>
    <None Include="library\shadercache\7\7f197e4d6aa17a9bb662d3971189725c.bin">
      <Filter>Resource Files</Filter>
    </None>
    <None Include="library\shadercache\8\801c6dcd039fa59c503fb9c3b24ffa2c.bin">
      <Filter>Resource Files</Filter>
    </None>
    <None Include="library\shadercache\8\80237c29881b1e35d41257adb24a630b.bin">
      <Filter>Resource Files</Filter>
    </None>
    <None Include="library\shadercache\8\80335341fd8e20b4bfa43b815f3e8991.bin">
      <Filter>Resource Files</Filter>
    </None>
    <None Include="library\shadercache\8\812a3ce5d31f4103aff403d1fa86ab19.bin">
      <Filter>Resource Files</Filter>
    </None>
    <None Include="library\shadercache\8\81fb74486c2217f442bb3952653c3558.bin">
      <Filter>Resource Files</Filter>
    </None>
    <None Include="library\shadercache\8\86311d6e31ceb52f2398222a8e829bc5.bin">
      <Filter>Resource Files</Filter>
    </None>
    <None Include="library\shadercache\8\8686903555fb29471618a021408ed409.bin">
      <Filter>Resource Files</Filter>
    </None>
    <None Include="library\shadercache\8\86d363729662e21366f67be4fb3b1f9a.bin">
      <Filter>Resource Files</Filter>
    </None>
    <None Include="library\shadercache\8\87648b9253beed5e18c2a28aadedc7c0.bin">
      <Filter>Resource Files</Filter>
    </None>
    <None Include="library\shadercache\8\890d3cf0dc7604dc00f55f2b6ea543ce.bin">
      <Filter>Resource Files</Filter>
    </None>
    <None Include="library\shadercache\8\8954d6415974260457e3bbce81663222.bin">
      <Filter>Resource Files</Filter>
    </None>
    <None Include="library\shadercache\8\8b64e1f8c5f7dfc7c285513594c15348.bin">
      <Filter>Resource Files</Filter>
    </None>
    <None Include="library\shadercache\8\8bb9b07d57a2a105e324e28fe92458a7.bin">
      <Filter>Resource Files</Filter>
    </None>
    <None Include="library\shadercache\8\8bc77ac0fe4c9f6b6bd7221db18962c5.bin">
      <Filter>Resource Files</Filter>
    </None>
    <None Include="library\shadercache\8\8be9724d66ae4cd41c29c60baa4ca895.bin">
      <Filter>Resource Files</Filter>
    </None>
    <None Include="library\shadercache\8\8bed924bc3cb2e184119214df1aa5c27.bin">
      <Filter>Resource Files</Filter>
    </None>
    <None Include="library\shadercache\8\8c6d9257c0edd2cb237a0b7cb7fa70a3.bin">
      <Filter>Resource Files</Filter>
    </None>
    <None Include="library\shadercache\8\8d3da88e6d5dd07e67170bb7843d9b11.bin">
      <Filter>Resource Files</Filter>
    </None>
    <None Include="library\shadercache\8\8d474157e63d418384a999426088fe05.bin">
      <Filter>Resource Files</Filter>
    </None>
    <None Include="library\shadercache\8\8dd0a72e8e78fb7d6f5246dc77679e49.bin">
      <Filter>Resource Files</Filter>
    </None>
    <None Include="library\shadercache\8\8fc568106c68825e07e0d2c122babb19.bin">
      <Filter>Resource Files</Filter>
    </None>
    <None Include="library\shadercache\9\929f988e3fca831aefdbefd83e7861f3.bin">
      <Filter>Resource Files</Filter>
    </None>
    <None Include="library\shadercache\9\94582cab6fbfc084607a408257b26956.bin">
      <Filter>Resource Files</Filter>
    </None>
    <None Include="library\shadercache\9\94cac737317f4503cf520b0bbe40f005.bin">
      <Filter>Resource Files</Filter>
    </None>
    <None Include="library\shadercache\9\95442e68683ac2827e6fe1ba5447b73c.bin">
      <Filter>Resource Files</Filter>
    </None>
    <None Include="library\shadercache\9\95d2b1908220e38a2175376fdd4b9072.bin">
      <Filter>Resource Files</Filter>
    </None>
    <None Include="library\shadercache\9\96a927739f9bb8b09a85e2ec61d0d72e.bin">
      <Filter>Resource Files</Filter>
    </None>
    <None Include="library\shadercache\9\9719ff8979784bc694ff61c67dec4127.bin">
      <Filter>Resource Files</Filter>
    </None>
    <None Include="library\shadercache\9\9819e7ffb757568f9bc107798adbe449.bin">
      <Filter>Resource Files</Filter>
    </None>
    <None Include="library\shadercache\9\98493d9e3e2b916ec8856a9f430b7e2b.bin">
      <Filter>Resource Files</Filter>
    </None>
    <None Include="library\shadercache\9\98639094f09bf271eff9d86a6df283cf.bin">
      <Filter>Resource Files</Filter>
    </None>
    <None Include="library\shadercache\9\98f87e83464a470417b6885c244273cf.bin">
      <Filter>Resource Files</Filter>
    </None>
    <None Include="library\shadercache\9\99e033dc1b96d420082eb692b1ac4191.bin">
      <Filter>Resource Files</Filter>
    </None>
    <None Include="library\shadercache\9\9a49a2f9197ce7cf1a9ddd71e098d668.bin">
      <Filter>Resource Files</Filter>
    </None>
    <None Include="library\shadercache\9\9bcbf18740585db086c2c60977510e59.bin">
      <Filter>Resource Files</Filter>
    </None>
    <None Include="library\shadercache\9\9c3a49c2651a42171aa344a04e70a96b.bin">
      <Filter>Resource Files</Filter>
    </None>
    <None Include="library\shadercache\9\9c57f95dea23545f7e1275b549e85591.bin">
      <Filter>Resource Files</Filter>
    </None>
    <None Include="library\shadercache\9\9d97c54fa758d20524640c85b323e7a2.bin">
      <Filter>Resource Files</Filter>
    </None>
    <None Include="library\shadercache\9\9e66d312732abc5ce86ef43fdd57fed1.bin">
      <Filter>Resource Files</Filter>
    </None>
    <None Include="library\shadercache\9\9f624d13b9c2d3011af4ef5f702a3825.bin">
      <Filter>Resource Files</Filter>
    </None>
    <None Include="library\shadercache\a\a003efcecc27342f229d4a8c73a334ea.bin">
      <Filter>Resource Files</Filter>
    </None>
    <None Include="library\shadercache\a\a04eca162e18fba2a5acf55c755a89a0.bin">
      <Filter>Resource Files</Filter>
    </None>
    <None Include="library\shadercache\a\a08681e5e828957cecd0e4f2811bc87c.bin">
      <Filter>Resource Files</Filter>
    </None>
    <None Include="library\shadercache\a\a15fef1c1b199b94c3932e4534093fb5.bin">
      <Filter>Resource Files</Filter>
    </None>
    <None Include="library\shadercache\a\a16fe4639287145f3b018c04f56cf069.bin">
      <Filter>Resource Files</Filter>
    </None>
    <None Include="library\shadercache\a\a1b3cd49e08875374d80fa75343884fb.bin">
      <Filter>Resource Files</Filter>
    </None>
    <None Include="library\shadercache\a\a205f068e4df3bcb0da24075ebdcbcd2.bin">
      <Filter>Resource Files</Filter>
    </None>
    <None Include="library\shadercache\a\a2111ea03011f49904cb3211278d5302.bin">
      <Filter>Resource Files</Filter>
    </None>
    <None Include="library\shadercache\a\a2cb4aa674aa15a76f721011c3a9aba0.bin">
      <Filter>Resource Files</Filter>
    </None>
    <None Include="library\shadercache\a\a52255c826db1dd725090e2b3214bc16.bin">
      <Filter>Resource Files</Filter>
    </None>
    <None Include="library\shadercache\a\a52e58678a5adff7771c9148555a9d9e.bin">
      <Filter>Resource Files</Filter>
    </None>
    <None Include="library\shadercache\a\a693cb0923e8035d13ee85d59e029e40.bin">
      <Filter>Resource Files</Filter>
    </None>
    <None Include="library\shadercache\a\a7e7c77c87397565b6b57b7d7d7ff358.bin">
      <Filter>Resource Files</Filter>
    </None>
    <None Include="library\shadercache\a\a85aa2c51b1c08078cedc22bd8db05fd.bin">
      <Filter>Resource Files</Filter>
    </None>
    <None Include="library\shadercache\a\a911f007ef39dac20d27e537b514f6fb.bin">
      <Filter>Resource Files</Filter>
    </None>
    <None Include="library\shadercache\a\aaf90a6f7b5f638cf104e7a63bf67ce2.bin">
      <Filter>Resource Files</Filter>
    </None>
    <None Include="library\shadercache\a\ac55f78f39f515cc3f71f008adbd2fa0.bin">
      <Filter>Resource Files</Filter>
    </None>
    <None Include="library\shadercache\a\ae55df255f9be889ff4e35d48cc58f35.bin">
      <Filter>Resource Files</Filter>
    </None>
    <None Include="library\shadercache\a\af090dac2d35aaec8233a20f952f4a0d.bin">
      <Filter>Resource Files</Filter>
    </None>
    <None Include="library\shadercache\b\b0b6ef60da1e8373ab73a93670342e4d.bin">
      <Filter>Resource Files</Filter>
    </None>
    <None Include="library\shadercache\b\b1e500ca40c181d790e5d49fcdb15767.bin">
      <Filter>Resource Files</Filter>
    </None>
    <None Include="library\shadercache\b\b33d2d08945b178e7207e33733767598.bin">
      <Filter>Resource Files</Filter>
    </None>
    <None Include="library\shadercache\b\b43ef4d29e56467595675cb519806063.bin">
      <Filter>Resource Files</Filter>
    </None>
    <None Include="library\shadercache\b\b537d5e80e9e6f6c807e48239a6739a8.bin">
      <Filter>Resource Files</Filter>
    </None>
    <None Include="library\shadercache\b\b6b84f73bb49fbb48b38471c4ce837b0.bin">
      <Filter>Resource Files</Filter>
    </None>
    <None Include="library\shadercache\b\b72a782091eaa68bf09d3d005acdba2d.bin">
      <Filter>Resource Files</Filter>
    </None>
    <None Include="library\shadercache\b\b7a8a52f2576d63484f1c1448f934f2f.bin">
      <Filter>Resource Files</Filter>
    </None>
    <None Include="library\shadercache\b\b83ca56f627d83e10ee218d88e8f3551.bin">
      <Filter>Resource Files</Filter>
    </None>
    <None Include="library\shadercache\b\b8b41143ae20323dce403386ba3f1742.bin">
      <Filter>Resource Files</Filter>
    </None>
    <None Include="library\shadercache\b\b8dfab945a2ec1856cf7d3ffa1a948a1.bin">
      <Filter>Resource Files</Filter>
    </None>
    <None Include="library\shadercache\b\b8e97f3ece3a4a6efd804292c51f5971.bin">
      <Filter>Resource Files</Filter>
    </None>
    <None Include="library\shadercache\b\b91237a8e3540fa9736dc380c72f0be1.bin">
      <Filter>Resource Files</Filter>
    </None>
    <None Include="library\shadercache\b\ba413384075360725799f18ae8231b59.bin">
      <Filter>Resource Files</Filter>
    </None>
    <None Include="library\shadercache\b\baf087fc21d918a565e73efac50ed439.bin">
      <Filter>Resource Files</Filter>
    </None>
    <None Include="library\shadercache\b\bb197c052ab96ff75292fe077223d6d1.bin">
      <Filter>Resource Files</Filter>
    </None>
    <None Include="library\shadercache\b\bb9505e341726153eea2efda11504a0e.bin">
      <Filter>Resource Files</Filter>
    </None>
    <None Include="library\shadercache\b\bbc9db429c345f5912e2d21ca952cd24.bin">
      <Filter>Resource Files</Filter>
    </None>
    <None Include="library\shadercache\b\bc042419921e86378bae225d63663254.bin">
      <Filter>Resource Files</Filter>
    </None>
    <None Include="library\shadercache\b\bc7b1abedb79a8bbdaeba55c16da3a43.bin">
      <Filter>Resource Files</Filter>
    </None>
    <None Include="library\shadercache\b\bee10ef6c882430e0e2fcd3b2dd95bb3.bin">
      <Filter>Resource Files</Filter>
    </None>
    <None Include="library\shadercache\b\bf40b852775f601326c39afc2cac265c.bin">
      <Filter>Resource Files</Filter>
    </None>
    <None Include="library\shadercache\b\bf56dde9c94c549c7da2833d1546e2cc.bin">
      <Filter>Resource Files</Filter>
    </None>
    <None Include="library\shadercache\b\bf94967e689a36824232f59cc9b6f90e.bin">
      <Filter>Resource Files</Filter>
    </None>
    <None Include="library\shadercache\b\bfa2ac11b5fea02cc6e8deec64bd78ee.bin">
      <Filter>Resource Files</Filter>
    </None>
    <None Include="library\shadercache\c\c0540fa0590b5861739ea912aebd2b96.bin">
      <Filter>Resource Files</Filter>
    </None>
    <None Include="library\shadercache\c\c1fd38fbb1ba0e7c98f7756f51886866.bin">
      <Filter>Resource Files</Filter>
    </None>
    <None Include="library\shadercache\c\c20b0b8a4f411ac1d52d123c8240e35b.bin">
      <Filter>Resource Files</Filter>
    </None>
    <None Include="library\shadercache\c\c29614ac453a548b306d04882b26ac3d.bin">
      <Filter>Resource Files</Filter>
    </None>
    <None Include="library\shadercache\c\c3e2a300d0eb658e1e96c6c4ac2d0fa9.bin">
      <Filter>Resource Files</Filter>
    </None>
    <None Include="library\shadercache\c\c40341841012d3291d3c9f7801428a17.bin">
      <Filter>Resource Files</Filter>
    </None>
    <None Include="library\shadercache\c\c4bf74319c9ff3bd1fda462f49b591d1.bin">
      <Filter>Resource Files</Filter>
    </None>
    <None Include="library\shadercache\c\c5ea177fe7e5840e7b54f2f3567eee36.bin">
      <Filter>Resource Files</Filter>
    </None>
    <None Include="library\shadercache\c\c6c8d1182b97239bc9d24de6bdc45f12.bin">
      <Filter>Resource Files</Filter>
    </None>
    <None Include="library\shadercache\c\c6e9e7662e2d0f7a2abd9c95725f85e5.bin">
      <Filter>Resource Files</Filter>
    </None>
    <None Include="library\shadercache\c\c767a75c48a604d9d8c142d181106f16.bin">
      <Filter>Resource Files</Filter>
    </None>
    <None Include="library\shadercache\c\c80b885bb458a45397e56a1b5e8a1234.bin">
      <Filter>Resource Files</Filter>
    </None>
    <None Include="library\shadercache\c\c80e718ac7f9b423f0e3e43cc781b197.bin">
      <Filter>Resource Files</Filter>
    </None>
    <None Include="library\shadercache\c\cbb8459d06a7583dd0897227571ab61c.bin">
      <Filter>Resource Files</Filter>
    </None>
    <None Include="library\shadercache\c\cbd9920ddcb2987dfb6511977a7e1c5c.bin">
      <Filter>Resource Files</Filter>
    </None>
    <None Include="library\shadercache\c\ccb1af48075e27872130c5cd08300364.bin">
      <Filter>Resource Files</Filter>
    </None>
    <None Include="library\shadercache\c\ccb6dd99261200a0a35f97ed38fa7f37.bin">
      <Filter>Resource Files</Filter>
    </None>
    <None Include="library\shadercache\c\ce0fa19171fda37cb33a0c8823fec41a.bin">
      <Filter>Resource Files</Filter>
    </None>
    <None Include="library\shadercache\c\ceb63ee91ad132828f4b003440f2fc64.bin">
      <Filter>Resource Files</Filter>
    </None>
    <None Include="library\shadercache\d\d029f9b39d57b927e0cdec047927616c.bin">
      <Filter>Resource Files</Filter>
    </None>
    <None Include="library\shadercache\d\d0d8592ddd9181cadd413b72a4b884de.bin">
      <Filter>Resource Files</Filter>
    </None>
    <None Include="library\shadercache\d\d0f898ce3fb31ce3d3a053bac9b825c6.bin">
      <Filter>Resource Files</Filter>
    </None>
    <None Include="library\shadercache\d\d19c967f55193c306b9839389cf1f68d.bin">
      <Filter>Resource Files</Filter>
    </None>
    <None Include="library\shadercache\d\d1b23cdfaecd494665ec2f92379a249a.bin">
      <Filter>Resource Files</Filter>
    </None>
    <None Include="library\shadercache\d\d418629dca076bb8131cf932a7cc3fca.bin">
      <Filter>Resource Files</Filter>
    </None>
    <None Include="library\shadercache\d\d45eadf2c339366a6af2ed146805973f.bin">
      <Filter>Resource Files</Filter>
    </None>
    <None Include="library\shadercache\d\d535732ede9dfe0e7dc45f09f52e19ac.bin">
      <Filter>Resource Files</Filter>
    </None>
    <None Include="library\shadercache\d\d642ea92760d469adb7a260195188e0e.bin">
      <Filter>Resource Files</Filter>
    </None>
    <None Include="library\shadercache\d\d7ae5045d0502fe4917df0836218d0ce.bin">
      <Filter>Resource Files</Filter>
    </None>
    <None Include="library\shadercache\d\d80e48901f4cf9425d837459841b6f4d.bin">
      <Filter>Resource Files</Filter>
    </None>
    <None Include="library\shadercache\d\d82db1a6095a3f614ca2564d17deae66.bin">
      <Filter>Resource Files</Filter>
    </None>
    <None Include="library\shadercache\d\d84b73b09b1ecb02ec3dc458df422780.bin">
      <Filter>Resource Files</Filter>
    </None>
    <None Include="library\shadercache\d\d97d2f2c0fca909e695e60274fef65e9.bin">
      <Filter>Resource Files</Filter>
    </None>
    <None Include="library\shadercache\d\d9dfde5b7f8b6f2f41f10e65c44721bd.bin">
      <Filter>Resource Files</Filter>
    </None>
    <None Include="library\shadercache\d\da724436f7d8c55f61ead7740251e2e0.bin">
      <Filter>Resource Files</Filter>
    </None>
    <None Include="library\shadercache\d\da9e75a55d848652c60b49773e525cc3.bin">
      <Filter>Resource Files</Filter>
    </None>
    <None Include="library\shadercache\d\db760f6cc8b21d33161a4b9364629736.bin">
      <Filter>Resource Files</Filter>
    </None>
    <None Include="library\shadercache\d\dd631d039826b15beed059dc4b81ff74.bin">
      <Filter>Resource Files</Filter>
    </None>
    <None Include="library\shadercache\d\dd9182f66f6c5bc8b61c869175e90306.bin">
      <Filter>Resource Files</Filter>
    </None>
    <None Include="library\shadercache\d\de15fbee060a07f9b2ca13c765bd8147.bin">
      <Filter>Resource Files</Filter>
    </None>
    <None Include="library\shadercache\d\deedab159d761c34dfe07c81439ee99b.bin">
      <Filter>Resource Files</Filter>
    </None>
    <None Include="library\shadercache\d\df0a3a930f05e4092f2b2a777ab4f7dd.bin">
      <Filter>Resource Files</Filter>
    </None>
    <None Include="library\shadercache\d\df8c0df119d38fbac24826aeb5ca82c3.bin">
      <Filter>Resource Files</Filter>
    </None>
    <None Include="library\shadercache\e\e0c6cca5fca97dbbfa1141c2c35ded6b.bin">
      <Filter>Resource Files</Filter>
    </None>
    <None Include="library\shadercache\e\e0dd1ed8066409b6a45d3aec004240ff.bin">
      <Filter>Resource Files</Filter>
    </None>
    <None Include="library\shadercache\e\e13473a9539ecbd01a56fb289c983d56.bin">
      <Filter>Resource Files</Filter>
    </None>
    <None Include="library\shadercache\e\e193645953c66671e661c1e382e1a1cb.bin">
      <Filter>Resource Files</Filter>
    </None>
    <None Include="library\shadercache\e\e1e4619a89365a750dd5bef17efb6b5e.bin">
      <Filter>Resource Files</Filter>
    </None>
    <None Include="library\shadercache\e\e3142983e97272477c8b23a022bd1bda.bin">
      <Filter>Resource Files</Filter>
    </None>
    <None Include="library\shadercache\e\e32d04a1ce5089c265f307b6e0c23726.bin">
      <Filter>Resource Files</Filter>
    </None>
    <None Include="library\shadercache\e\e36f37a81c44d061ba166fce693d73c6.bin">
      <Filter>Resource Files</Filter>
    </None>
    <None Include="library\shadercache\e\e37bf236c2a74ec8940f47cca1e68c14.bin">
      <Filter>Resource Files</Filter>
    </None>
    <None Include="library\shadercache\e\e3fe1503f0367286bf8798a5068d96bf.bin">
      <Filter>Resource Files</Filter>
    </None>
    <None Include="library\shadercache\e\e40af2999fbf782d9acc7dd79623d35f.bin">
      <Filter>Resource Files</Filter>
    </None>
    <None Include="library\shadercache\e\e419be4d98db200ccaaa7d03f3035291.bin">
      <Filter>Resource Files</Filter>
    </None>
    <None Include="library\shadercache\e\e47d1c411ec87bec04d3e49cb3ac5d44.bin">
      <Filter>Resource Files</Filter>
    </None>
    <None Include="library\shadercache\e\e51a503f5dc6049183767af3440fc642.bin">
      <Filter>Resource Files</Filter>
    </None>
    <None Include="library\shadercache\e\e74c16c32510fd7e9ea5c2d2acddda26.bin">
      <Filter>Resource Files</Filter>
    </None>
    <None Include="library\shadercache\e\e76fbe3918147a0737b83604d4582092.bin">
      <Filter>Resource Files</Filter>
    </None>
    <None Include="library\shadercache\e\e821de28c489673707b43dadc38d8cb3.bin">
      <Filter>Resource Files</Filter>
    </None>
    <None Include="library\shadercache\e\e9d457a60aff8490ceaa37793dcd7afa.bin">
      <Filter>Resource Files</Filter>
    </None>
    <None Include="library\shadercache\e\ebfb4d37edb50198be6a29b36dfe5ef3.bin">
      <Filter>Resource Files</Filter>
    </None>
    <None Include="library\shadercache\e\ed37d4c9e1290a0eb2f1464843476dff.bin">
      <Filter>Resource Files</Filter>
    </None>
    <None Include="library\shadercache\e\ed5d5523934e603133529a924a1f9ea5.bin">
      <Filter>Resource Files</Filter>
    </None>
    <None Include="library\shadercache\e\ed7649853de3c5ad06f23a32867ed4ae.bin">
      <Filter>Resource Files</Filter>
    </None>
    <None Include="library\shadercache\e\eecca1e653fe0cd20dd4e5e4022e9a06.bin">
      <Filter>Resource Files</Filter>
    </None>
    <None Include="library\shadercache\e\ef5ba5864d94747091006936fc880ade.bin">
      <Filter>Resource Files</Filter>
    </None>
    <None Include="library\shadercache\e\efa93c5856d6c2de086b3042336e5d16.bin">
      <Filter>Resource Files</Filter>
    </None>
    <None Include="library\shadercache\f\f06f687a31913108f7dd73a4749d7d88.bin">
      <Filter>Resource Files</Filter>
    </None>
    <None Include="library\shadercache\f\f190db95838a9ab957a95d941f89a505.bin">
      <Filter>Resource Files</Filter>
    </None>
    <None Include="library\shadercache\f\f1c7fbcafd2dd25ac4fe86bc8c622e3e.bin">
      <Filter>Resource Files</Filter>
    </None>
    <None Include="library\shadercache\f\f33c0f8670b960a29e495e9a76040fe2.bin">
      <Filter>Resource Files</Filter>
    </None>
    <None Include="library\shadercache\f\f45a5e70bcb36fa704d9c0912c331909.bin">
      <Filter>Resource Files</Filter>
    </None>
    <None Include="library\shadercache\f\f53d69f667ba3215d1b251f2012487f7.bin">
      <Filter>Resource Files</Filter>
    </None>
    <None Include="library\shadercache\f\f5f0dd4f3732340662b797597ea5126b.bin">
      <Filter>Resource Files</Filter>
    </None>
    <None Include="library\shadercache\f\f60eb41215b5990a23e94d85737d6505.bin">
      <Filter>Resource Files</Filter>
    </None>
    <None Include="library\shadercache\f\f6638e45d1778e6bd73995e0d6f6b34f.bin">
      <Filter>Resource Files</Filter>
    </None>
    <None Include="library\shadercache\f\f6e36b72d33db5c3fe3c1a638715af7d.bin">
      <Filter>Resource Files</Filter>
    </None>
    <None Include="library\shadercache\f\f710dbe6700e772c64fca8ffc85f4de3.bin">
      <Filter>Resource Files</Filter>
    </None>
    <None Include="library\shadercache\f\f954b6db71dbcba2c9d6640094840e2f.bin">
      <Filter>Resource Files</Filter>
    </None>
    <None Include="library\shadercache\f\f983d7bd998f794d9e0b4f80d65f1c70.bin">
      <Filter>Resource Files</Filter>
    </None>
    <None Include="library\shadercache\f\f9a9714eee2d13e8a13c780ec388a811.bin">
      <Filter>Resource Files</Filter>
    </None>
    <None Include="library\shadercache\f\f9f658ebb87aa31855bc10032d59e511.bin">
      <Filter>Resource Files</Filter>
    </None>
    <None Include="library\shadercache\f\fa1a56a9fffb264dc63ca61a78f9bc71.bin">
      <Filter>Resource Files</Filter>
    </None>
    <None Include="library\shadercache\f\fa6be0e06107264eaff74b23b72b9d80.bin">
      <Filter>Resource Files</Filter>
    </None>
    <None Include="library\shadercache\f\fb16de061d5e11c4763b6007f9d0152a.bin">
      <Filter>Resource Files</Filter>
    </None>
    <None Include="library\shadercache\f\fb4626408e5461b648c44985ce8a639a.bin">
      <Filter>Resource Files</Filter>
    </None>
    <None Include="library\shadercache\f\fce2037d70efae65c595e3044add405d.bin">
      <Filter>Resource Files</Filter>
    </None>
    <None Include="library\shadercache\f\fd407dbf12fbaed77aea4b3fbce3c62c.bin">
      <Filter>Resource Files</Filter>
    </None>
    <None Include="library\shadercache\f\fdc7cf148a2a6a796fc6af5e2dce903f.bin">
      <Filter>Resource Files</Filter>
    </None>
    <None Include="library\shadercache\f\ff1073c99117e0140a4d4f2ab14486cd.bin">
      <Filter>Resource Files</Filter>
    </None>
    <None Include="assets\textures\(3) Two Sum - LeetCode.html" />
  </ItemGroup>
</Project>