
Microsoft Visual Studio Solution File, Format Version 12.00
# Visual Studio 15
Project("{FAE04EC0-301F-11D3-BF4B-00C04F79EFBC}") = "Assembly-CSharp", "Assembly-CSharp.csproj", "{B612A5F0-AEE2-42DE-F71C-2C6A19973EE9}"
EndProject
Project("{FAE04EC0-301F-11D3-BF4B-00C04F79EFBC}") = "Assembly-CSharp-Editor", "Assembly-CSharp-Editor.csproj", "{289F97B3-4D1C-24F5-E203-59A1772A5AE1}"
EndProject
Global
	GlobalSection(SolutionConfigurationPlatforms) = preSolution
		Debug|Any CPU = Debug|Any CPU
		Release|Any CPU = Release|Any CPU
	EndGlobalSection
	GlobalSection(ProjectConfigurationPlatforms) = postSolution
		{B612A5F0-AEE2-42DE-F71C-2C6A19973EE9}.Debug|Any CPU.ActiveCfg = Debug|Any CPU
		{B612A5F0-AEE2-42DE-F71C-2C6A19973EE9}.Debug|Any CPU.Build.0 = Debug|Any CPU
		{B612A5F0-AEE2-42DE-F71C-2C6A19973EE9}.Release|Any CPU.ActiveCfg = Release|Any CPU
		{B612A5F0-AEE2-42DE-F71C-2C6A19973EE9}.Release|Any CPU.Build.0 = Release|Any CPU
		{289F97B3-4D1C-24F5-E203-59A1772A5AE1}.Debug|Any CPU.ActiveCfg = Debug|Any CPU
		{289F97B3-4D1C-24F5-E203-59A1772A5AE1}.Debug|Any CPU.Build.0 = Debug|Any CPU
		{289F97B3-4D1C-24F5-E203-59A1772A5AE1}.Release|Any CPU.ActiveCfg = Release|Any CPU
		{289F97B3-4D1C-24F5-E203-59A1772A5AE1}.Release|Any CPU.Build.0 = Release|Any CPU
	EndGlobalSection
	GlobalSection(SolutionProperties) = preSolution
		HideSolutionNode = FALSE
	EndGlobalSection
EndGlobal
